<?xml version="1.0" encoding="utf-8"?>
<Project ToolsVersion="4.0" xmlns="http://schemas.microsoft.com/developer/msbuild/2003">
  <ItemGroup>
    <Filter Include="ソース ファイル">
      <UniqueIdentifier>{4FC737F1-C7A5-4376-A066-2A32D752A2FF}</UniqueIdentifier>
      <Extensions>cpp;c;cc;cxx;def;odl;idl;hpj;bat;asm;asmx</Extensions>
    </Filter>
    <Filter Include="ヘッダー ファイル">
      <UniqueIdentifier>{93995380-89BD-4b04-88EB-625FBE52EBFB}</UniqueIdentifier>
      <Extensions>h;hh;hpp;hxx;hm;inl;inc;ipp;xsd</Extensions>
    </Filter>
    <Filter Include="リソース ファイル">
      <UniqueIdentifier>{67DA6AB6-F800-4c08-8B7A-83BB121AAD01}</UniqueIdentifier>
      <Extensions>rc;ico;cur;bmp;dlg;rc2;rct;bin;rgs;gif;jpg;jpeg;jpe;resx;tiff;tif;png;wav;mfcribbon-ms</Extensions>
    </Filter>
    <Filter Include="ソース ファイル\MyClass">
      <UniqueIdentifier>{0a1b3ee5-f526-46c4-b7fd-6cb4336b5a80}</UniqueIdentifier>
    </Filter>
  </ItemGroup>
  <ItemGroup>
    <ClInclude Include="framework.h">
      <Filter>ヘッダー ファイル</Filter>
    </ClInclude>
    <ClInclude Include="targetver.h">
      <Filter>ヘッダー ファイル</Filter>
    </ClInclude>
    <ClInclude Include="Resource.h">
      <Filter>ヘッダー ファイル</Filter>
    </ClInclude>
    <ClInclude Include="CNN_Act_Use.h">
      <Filter>ヘッダー ファイル</Filter>
    </ClInclude>
    <ClInclude Include="mainController.h">
      <Filter>ソース ファイル\MyClass</Filter>
    </ClInclude>
    <ClInclude Include="GUI_Manager_Class.h">
      <Filter>ソース ファイル\MyClass</Filter>
    </ClInclude>
    <ClInclude Include="LayerClass.h">
      <Filter>ソース ファイル\MyClass</Filter>
    </ClInclude>
    <ClInclude Include="OpenGL_Manager_Class.h">
      <Filter>ソース ファイル\MyClass</Filter>
    </ClInclude>
    <ClInclude Include="Window_Manager_Class.h">
      <Filter>ソース ファイル\MyClass</Filter>
    </ClInclude>
    <ClInclude Include="OpenCL_Manager_Class.h">
      <Filter>ソース ファイル\MyClass</Filter>
    </ClInclude>
    <ClInclude Include="CHAIN_Manager_Class.h">
      <Filter>ソース ファイル\MyClass</Filter>
    </ClInclude>
    <ClInclude Include="INPUT_DATA_manager.h">
      <Filter>ソース ファイル\MyClass</Filter>
    </ClInclude>
  </ItemGroup>
  <ItemGroup>
    <ClCompile Include="CNN_Act_Use.cpp">
      <Filter>ソース ファイル</Filter>
    </ClCompile>
    <ClCompile Include="mainController.cpp">
      <Filter>ソース ファイル\MyClass</Filter>
    </ClCompile>
    <ClCompile Include="GUI_Manager_Class.cpp">
      <Filter>ソース ファイル\MyClass</Filter>
    </ClCompile>
    <ClCompile Include="Layer_AFFINE.cpp">
      <Filter>ソース ファイル\MyClass</Filter>
    </ClCompile>
    <ClCompile Include="Layer_CEMS.cpp">
      <Filter>ソース ファイル\MyClass</Filter>
    </ClCompile>
    <ClCompile Include="Layer_CONVOLUTION.cpp">
      <Filter>ソース ファイル\MyClass</Filter>
    </ClCompile>
    <ClCompile Include="Layer_DROPOUT.cpp">
      <Filter>ソース ファイル\MyClass</Filter>
    </ClCompile>
    <ClCompile Include="Layer_FILTER.cpp">
      <Filter>ソース ファイル\MyClass</Filter>
    </ClCompile>
    <ClCompile Include="Layer_POOLING.cpp">
      <Filter>ソース ファイル\MyClass</Filter>
    </ClCompile>
    <ClCompile Include="LayerClass.cpp">
      <Filter>ソース ファイル\MyClass</Filter>
    </ClCompile>
    <ClCompile Include="OpenGL_Manager_Class.cpp">
      <Filter>ソース ファイル\MyClass</Filter>
    </ClCompile>
    <ClCompile Include="Window_Manager_Class.cpp">
      <Filter>ソース ファイル\MyClass</Filter>
    </ClCompile>
    <ClCompile Include="OpenCL_Manager_Class.cpp">
      <Filter>ソース ファイル\MyClass</Filter>
    </ClCompile>
    <ClCompile Include="CHAIN_Manager_Class.cpp">
      <Filter>ソース ファイル\MyClass</Filter>
    </ClCompile>
    <ClCompile Include="INPUT_DATA_manager.cpp">
      <Filter>ソース ファイル\MyClass</Filter>
    </ClCompile>
  </ItemGroup>
  <ItemGroup>
    <ResourceCompile Include="CNN_Act_Use.rc">
      <Filter>リソース ファイル</Filter>
    </ResourceCompile>
  </ItemGroup>
  <ItemGroup>
    <Image Include="small.ico">
      <Filter>リソース ファイル</Filter>
    </Image>
    <Image Include="CNN_Act_Use.ico">
      <Filter>リソース ファイル</Filter>
    </Image>
  </ItemGroup>
  <ItemGroup>
    <Text Include="NORMAL_FS.txt">
      <Filter>ソース ファイル\MyClass</Filter>
    </Text>
    <Text Include="NORMAL_VS.txt">
      <Filter>ソース ファイル\MyClass</Filter>
    </Text>
  </ItemGroup>
</Project>